// !$*UTF8*$!
{
	archiveVersion = 1;
	classes = {
	};
	objectVersion = 77;
	objects = {

/* Begin PBXBuildFile section */
		043FB8978C962FDB8B86C0E1 /* WorkoutSessionModel.swift in Sources */ = {isa = PBXBuildFile; fileRef = 0B13A6619CB76C5F240357A4 /* WorkoutSessionModel.swift */; };
		06E06E0FC384E6EF5D55FFEF /* WorkoutStore.swift in Sources */ = {isa = PBXBuildFile; fileRef = 27EB6B25B4B0765BABA83DD3 /* WorkoutStore.swift */; };
		0E727CFBBB5E5C75E797C408 /* PathTrioApp.swift in Sources */ = {isa = PBXBuildFile; fileRef = CC0E6F57CF9E3E84E0157259 /* PathTrioApp.swift */; };
		10B14C4F322E80C2716C5AB1 /* SettingsView.swift in Sources */ = {isa = PBXBuildFile; fileRef = BBDA08311FBB61B2CC790A1D /* SettingsView.swift */; };
		164709DB104DBC8B5C6D9D16 /* MetricTile.swift in Sources */ = {isa = PBXBuildFile; fileRef = 0F40CE362C17DA2116BDC4D2 /* MetricTile.swift */; };
		2DB6A2966614309BCB29B9BD /* MotionActivityService.swift in Sources */ = {isa = PBXBuildFile; fileRef = 13638CE2C437C63433EFAEBB /* MotionActivityService.swift */; };
		305319E77B97D6762340373E /* SettingsStoreTests.swift in Sources */ = {isa = PBXBuildFile; fileRef = C9836CF44C63F0AF6A40675A /* SettingsStoreTests.swift */; };
		43FF55FC03A77D0C9CFF2ABC /* DistanceCalculator.swift in Sources */ = {isa = PBXBuildFile; fileRef = 0637146BB8A266FC54CFE55A /* DistanceCalculator.swift */; };
		457D0528B40DFA952389A5D2 /* WorkoutRecorder.swift in Sources */ = {isa = PBXBuildFile; fileRef = 4BD2B980491B9AE8E39548DD /* WorkoutRecorder.swift */; };
		45CC687647D4DE8EA01DBCCD /* SettingsPersistenceStoreTests.swift in Sources */ = {isa = PBXBuildFile; fileRef = 65CD7F014680DBC318FB4F10 /* SettingsPersistenceStoreTests.swift */; };
		472C0EA53D43947884E54BC3 /* HomeView.swift in Sources */ = {isa = PBXBuildFile; fileRef = E1A00B331D64F9A2E00A20F3 /* HomeView.swift */; };
		4D3D5ABE43A52AA03B837E4B /* SmartAssistSuggestion.swift in Sources */ = {isa = PBXBuildFile; fileRef = 55988384BC0F9C0A02E70BED /* SmartAssistSuggestion.swift */; };
		5BC35774E19B7B425F2D81B1 /* RouteMapView.swift in Sources */ = {isa = PBXBuildFile; fileRef = ADC906CEF70E96FC039CD7FE /* RouteMapView.swift */; };
		66B58FD2AE168A7276C6E04E /* SettingsStore.swift in Sources */ = {isa = PBXBuildFile; fileRef = C86F1B67E706CEA415D2A92A /* SettingsStore.swift */; };
		6BB60E18663FDFE45CF8F9C4 /* DistanceCalculatorTests.swift in Sources */ = {isa = PBXBuildFile; fileRef = B0842326A31060730BF90DDB /* DistanceCalculatorTests.swift */; };
		6DA082AD1316ED17E6AC9374 /* LocationPointModel.swift in Sources */ = {isa = PBXBuildFile; fileRef = BD810A2502CEFCE9D6336BA2 /* LocationPointModel.swift */; };
		6F2622D001DBFC205E4A6749 /* InfoPlist.strings in Resources */ = {isa = PBXBuildFile; fileRef = 692C5F0B4D17593943AD6C18 /* InfoPlist.strings */; };
		7D19CA69AE95F26A93C26466 /* SettingsPersistenceStore.swift in Sources */ = {isa = PBXBuildFile; fileRef = D60732EE5F86F6271CBB6D36 /* SettingsPersistenceStore.swift */; };
		7F3647BA93B24B484F60AAB2 /* WorkoutStoreTests.swift in Sources */ = {isa = PBXBuildFile; fileRef = 40607E73B6AF2D3B0ED9992E /* WorkoutStoreTests.swift */; };
		86DB49350BA9D7C57D0FC918 /* SmartAssistEngine.swift in Sources */ = {isa = PBXBuildFile; fileRef = A59374B9141A9114D8674E51 /* SmartAssistEngine.swift */; };
		8DFB9192FEB7847F1EF56660 /* LocationTrackingService.swift in Sources */ = {isa = PBXBuildFile; fileRef = CAACFBC490DC1A6E8D7E6315 /* LocationTrackingService.swift */; };
		8E31314070B321A6E0CAF4DE /* WorkoutSummaryView.swift in Sources */ = {isa = PBXBuildFile; fileRef = E1E6480F17FC72AE2210644F /* WorkoutSummaryView.swift */; };
		94E1358713327A0EBF9B35F8 /* WorkoutDetailView.swift in Sources */ = {isa = PBXBuildFile; fileRef = 0291FB241AA048D8CFF8DF4C /* WorkoutDetailView.swift */; };
		9B49C7F92BE8BD19527BBD12 /* WorkoutRecorderTests.swift in Sources */ = {isa = PBXBuildFile; fileRef = D78F070BBC2812DB452964D7 /* WorkoutRecorderTests.swift */; };
		9FD770C527CE9FF356347A23 /* HistoryView.swift in Sources */ = {isa = PBXBuildFile; fileRef = 85409F4296BED3119B6B5E40 /* HistoryView.swift */; };
		A591D20C3CAB1F9DD4C2CA9C /* Assets.xcassets in Resources */ = {isa = PBXBuildFile; fileRef = 9353AE134A91B7464D141657 /* Assets.xcassets */; };
		A6D037CBC2F79C46063934BC /* Localizable.strings in Resources */ = {isa = PBXBuildFile; fileRef = 8ED01019528BCCF8D9A90BB3 /* Localizable.strings */; };
		AC00039D5FA4D590417D37C9 /* WorkoutMetrics.swift in Sources */ = {isa = PBXBuildFile; fileRef = 79941B46609B218E384B129A /* WorkoutMetrics.swift */; };
		AE41E59352E6C5E5F75C23FD /* AppModel.swift in Sources */ = {isa = PBXBuildFile; fileRef = B36759D4C04E331C7015B5A6 /* AppModel.swift */; };
		AEE56C617E913F430F36564C /* WorkoutCaloriesEstimatorTests.swift in Sources */ = {isa = PBXBuildFile; fileRef = 1A6242B7D0FFA7EC52CAFE61 /* WorkoutCaloriesEstimatorTests.swift */; };
		B287C1BFBAEC5DA1A14A2DB0 /* WorkoutType.swift in Sources */ = {isa = PBXBuildFile; fileRef = BFDDCC0337ED48B9C70776BD /* WorkoutType.swift */; };
		D03866D78B00FEBAD3D7CB66 /* UserSettingsModel.swift in Sources */ = {isa = PBXBuildFile; fileRef = 66584C3CFE297F5EB1FFBFBA /* UserSettingsModel.swift */; };
		D97E40E12197C789D41FD4B0 /* WorkoutTypePicker.swift in Sources */ = {isa = PBXBuildFile; fileRef = 5A9F2F0137898AB33DB43FBC /* WorkoutTypePicker.swift */; };
		E97B64BB961F466B6FC614E4 /* LocalizationTests.swift in Sources */ = {isa = PBXBuildFile; fileRef = 51964BF87B089D5C8E93AFA1 /* LocalizationTests.swift */; };
		EADED00F2661C4CEB598A2A2 /* WorkoutState.swift in Sources */ = {isa = PBXBuildFile; fileRef = 9B00DCD945D5A8CDE82CD657 /* WorkoutState.swift */; };
		F7484A78E4C8398C64D50BC6 /* L10n.swift in Sources */ = {isa = PBXBuildFile; fileRef = 7FA561C68449EC2B23F19B3C /* L10n.swift */; };
		F776FC4FDA7E45DB7F9125C2 /* SmartAssistEngineTests.swift in Sources */ = {isa = PBXBuildFile; fileRef = 7384D59F40D520C71AD50AB9 /* SmartAssistEngineTests.swift */; };
		F872EEA715A44290819B1674 /* WorkoutSessionDraft.swift in Sources */ = {isa = PBXBuildFile; fileRef = AC86B6D9B53B0ABCF16D9B4A /* WorkoutSessionDraft.swift */; };
		FE0AA8EF95AF9E5203D630ED /* ActiveWorkoutView.swift in Sources */ = {isa = PBXBuildFile; fileRef = 6AF20EB4452868AFAEA11C84 /* ActiveWorkoutView.swift */; };
/* End PBXBuildFile section */

/* Begin PBXContainerItemProxy section */
		48D28510F3606A8DF3F9B8A6 /* PBXContainerItemProxy */ = {
			isa = PBXContainerItemProxy;
			containerPortal = 88B2B17519363D76E32B9DD5 /* Project object */;
			proxyType = 1;
			remoteGlobalIDString = 3C08916CCF4BACA2E26A0283;
			remoteInfo = PathTrio;
		};
/* End PBXContainerItemProxy section */

/* Begin PBXFileReference section */
		0291FB241AA048D8CFF8DF4C /* WorkoutDetailView.swift */ = {isa = PBXFileReference; lastKnownFileType = sourcecode.swift; path = WorkoutDetailView.swift; sourceTree = "<group>"; };
		0637146BB8A266FC54CFE55A /* DistanceCalculator.swift */ = {isa = PBXFileReference; lastKnownFileType = sourcecode.swift; path = DistanceCalculator.swift; sourceTree = "<group>"; };
		090E1F8956F327E47AC2C728 /* PathTrio.app */ = {isa = PBXFileReference; includeInIndex = 0; lastKnownFileType = wrapper.application; path = PathTrio.app; sourceTree = BUILT_PRODUCTS_DIR; };
		0B13A6619CB76C5F240357A4 /* WorkoutSessionModel.swift */ = {isa = PBXFileReference; lastKnownFileType = sourcecode.swift; path = WorkoutSessionModel.swift; sourceTree = "<group>"; };
		0F40CE362C17DA2116BDC4D2 /* MetricTile.swift */ = {isa = PBXFileReference; lastKnownFileType = sourcecode.swift; path = MetricTile.swift; sourceTree = "<group>"; };
		13638CE2C437C63433EFAEBB /* MotionActivityService.swift */ = {isa = PBXFileReference; lastKnownFileType = sourcecode.swift; path = MotionActivityService.swift; sourceTree = "<group>"; };
		1A6242B7D0FFA7EC52CAFE61 /* WorkoutCaloriesEstimatorTests.swift */ = {isa = PBXFileReference; lastKnownFileType = sourcecode.swift; path = WorkoutCaloriesEstimatorTests.swift; sourceTree = "<group>"; };
		27EB6B25B4B0765BABA83DD3 /* WorkoutStore.swift */ = {isa = PBXFileReference; lastKnownFileType = sourcecode.swift; path = WorkoutStore.swift; sourceTree = "<group>"; };
		296FF224B7D7F535D8EDC8B1 /* en */ = {isa = PBXFileReference; lastKnownFileType = text.plist.strings; name = en; path = en.lproj/InfoPlist.strings; sourceTree = "<group>"; };
		2C66B1B3856873E72FD3D6F2 /* Info.plist */ = {isa = PBXFileReference; lastKnownFileType = text.plist; path = Info.plist; sourceTree = "<group>"; };
		40607E73B6AF2D3B0ED9992E /* WorkoutStoreTests.swift */ = {isa = PBXFileReference; lastKnownFileType = sourcecode.swift; path = WorkoutStoreTests.swift; sourceTree = "<group>"; };
		4BD2B980491B9AE8E39548DD /* WorkoutRecorder.swift */ = {isa = PBXFileReference; lastKnownFileType = sourcecode.swift; path = WorkoutRecorder.swift; sourceTree = "<group>"; };
		51964BF87B089D5C8E93AFA1 /* LocalizationTests.swift */ = {isa = PBXFileReference; lastKnownFileType = sourcecode.swift; path = LocalizationTests.swift; sourceTree = "<group>"; };
		55988384BC0F9C0A02E70BED /* SmartAssistSuggestion.swift */ = {isa = PBXFileReference; lastKnownFileType = sourcecode.swift; path = SmartAssistSuggestion.swift; sourceTree = "<group>"; };
		5A9F2F0137898AB33DB43FBC /* WorkoutTypePicker.swift */ = {isa = PBXFileReference; lastKnownFileType = sourcecode.swift; path = WorkoutTypePicker.swift; sourceTree = "<group>"; };
		65CD7F014680DBC318FB4F10 /* SettingsPersistenceStoreTests.swift */ = {isa = PBXFileReference; lastKnownFileType = sourcecode.swift; path = SettingsPersistenceStoreTests.swift; sourceTree = "<group>"; };
		66584C3CFE297F5EB1FFBFBA /* UserSettingsModel.swift */ = {isa = PBXFileReference; lastKnownFileType = sourcecode.swift; path = UserSettingsModel.swift; sourceTree = "<group>"; };
		6AF20EB4452868AFAEA11C84 /* ActiveWorkoutView.swift */ = {isa = PBXFileReference; lastKnownFileType = sourcecode.swift; path = ActiveWorkoutView.swift; sourceTree = "<group>"; };
		7384D59F40D520C71AD50AB9 /* SmartAssistEngineTests.swift */ = {isa = PBXFileReference; lastKnownFileType = sourcecode.swift; path = SmartAssistEngineTests.swift; sourceTree = "<group>"; };
		79941B46609B218E384B129A /* WorkoutMetrics.swift */ = {isa = PBXFileReference; lastKnownFileType = sourcecode.swift; path = WorkoutMetrics.swift; sourceTree = "<group>"; };
		7FA561C68449EC2B23F19B3C /* L10n.swift */ = {isa = PBXFileReference; lastKnownFileType = sourcecode.swift; path = L10n.swift; sourceTree = "<group>"; };
		85409F4296BED3119B6B5E40 /* HistoryView.swift */ = {isa = PBXFileReference; lastKnownFileType = sourcecode.swift; path = HistoryView.swift; sourceTree = "<group>"; };
		9353AE134A91B7464D141657 /* Assets.xcassets */ = {isa = PBXFileReference; lastKnownFileType = folder.assetcatalog; path = Assets.xcassets; sourceTree = "<group>"; };
		9B00DCD945D5A8CDE82CD657 /* WorkoutState.swift */ = {isa = PBXFileReference; lastKnownFileType = sourcecode.swift; path = WorkoutState.swift; sourceTree = "<group>"; };
		A03D593E24A02227B4BC69D9 /* zh-Hans */ = {isa = PBXFileReference; lastKnownFileType = text.plist.strings; name = "zh-Hans"; path = "zh-Hans.lproj/InfoPlist.strings"; sourceTree = "<group>"; };
		A59374B9141A9114D8674E51 /* SmartAssistEngine.swift */ = {isa = PBXFileReference; lastKnownFileType = sourcecode.swift; path = SmartAssistEngine.swift; sourceTree = "<group>"; };
		AC86B6D9B53B0ABCF16D9B4A /* WorkoutSessionDraft.swift */ = {isa = PBXFileReference; lastKnownFileType = sourcecode.swift; path = WorkoutSessionDraft.swift; sourceTree = "<group>"; };
		ADC906CEF70E96FC039CD7FE /* RouteMapView.swift */ = {isa = PBXFileReference; lastKnownFileType = sourcecode.swift; path = RouteMapView.swift; sourceTree = "<group>"; };
		B0842326A31060730BF90DDB /* DistanceCalculatorTests.swift */ = {isa = PBXFileReference; lastKnownFileType = sourcecode.swift; path = DistanceCalculatorTests.swift; sourceTree = "<group>"; };
		B0BAB76ED3360C3111D9F92E /* PathTrioTests.xctest */ = {isa = PBXFileReference; includeInIndex = 0; lastKnownFileType = wrapper.cfbundle; path = PathTrioTests.xctest; sourceTree = BUILT_PRODUCTS_DIR; };
		B36759D4C04E331C7015B5A6 /* AppModel.swift */ = {isa = PBXFileReference; lastKnownFileType = sourcecode.swift; path = AppModel.swift; sourceTree = "<group>"; };
		BBDA08311FBB61B2CC790A1D /* SettingsView.swift */ = {isa = PBXFileReference; lastKnownFileType = sourcecode.swift; path = SettingsView.swift; sourceTree = "<group>"; };
		BD810A2502CEFCE9D6336BA2 /* LocationPointModel.swift */ = {isa = PBXFileReference; lastKnownFileType = sourcecode.swift; path = LocationPointModel.swift; sourceTree = "<group>"; };
		BDC6802CD9C81E4F3C14C653 /* en */ = {isa = PBXFileReference; lastKnownFileType = text.plist.strings; name = en; path = en.lproj/Localizable.strings; sourceTree = "<group>"; };
		BFDDCC0337ED48B9C70776BD /* WorkoutType.swift */ = {isa = PBXFileReference; lastKnownFileType = sourcecode.swift; path = WorkoutType.swift; sourceTree = "<group>"; };
		C86F1B67E706CEA415D2A92A /* SettingsStore.swift */ = {isa = PBXFileReference; lastKnownFileType = sourcecode.swift; path = SettingsStore.swift; sourceTree = "<group>"; };
		C9836CF44C63F0AF6A40675A /* SettingsStoreTests.swift */ = {isa = PBXFileReference; lastKnownFileType = sourcecode.swift; path = SettingsStoreTests.swift; sourceTree = "<group>"; };
		CAACFBC490DC1A6E8D7E6315 /* LocationTrackingService.swift */ = {isa = PBXFileReference; lastKnownFileType = sourcecode.swift; path = LocationTrackingService.swift; sourceTree = "<group>"; };
		CC0E6F57CF9E3E84E0157259 /* PathTrioApp.swift */ = {isa = PBXFileReference; lastKnownFileType = sourcecode.swift; path = PathTrioApp.swift; sourceTree = "<group>"; };
		CFF6862C3F71B5E8E3FFCE42 /* zh-Hans */ = {isa = PBXFileReference; lastKnownFileType = text.plist.strings; name = "zh-Hans"; path = "zh-Hans.lproj/Localizable.strings"; sourceTree = "<group>"; };
		D60732EE5F86F6271CBB6D36 /* SettingsPersistenceStore.swift */ = {isa = PBXFileReference; lastKnownFileType = sourcecode.swift; path = SettingsPersistenceStore.swift; sourceTree = "<group>"; };
		D78F070BBC2812DB452964D7 /* WorkoutRecorderTests.swift */ = {isa = PBXFileReference; lastKnownFileType = sourcecode.swift; path = WorkoutRecorderTests.swift; sourceTree = "<group>"; };
		E1A00B331D64F9A2E00A20F3 /* HomeView.swift */ = {isa = PBXFileReference; lastKnownFileType = sourcecode.swift; path = HomeView.swift; sourceTree = "<group>"; };
		E1E6480F17FC72AE2210644F /* WorkoutSummaryView.swift */ = {isa = PBXFileReference; lastKnownFileType = sourcecode.swift; path = WorkoutSummaryView.swift; sourceTree = "<group>"; };
/* End PBXFileReference section */

/* Begin PBXGroup section */
		0A617547B917EF8C6D85F845 /* App */ = {
			isa = PBXGroup;
			children = (
				B36759D4C04E331C7015B5A6 /* AppModel.swift */,
				CC0E6F57CF9E3E84E0157259 /* PathTrioApp.swift */,
			);
			path = App;
			sourceTree = "<group>";
		};
		377E916D2A1C9AE59B99009B /* Support */ = {
			isa = PBXGroup;
			children = (
				7FA561C68449EC2B23F19B3C /* L10n.swift */,
			);
			path = Support;
			sourceTree = "<group>";
		};
		592D8D59FBC971CCFAFFA91B /* PathTrioTests */ = {
			isa = PBXGroup;
			children = (
				B0842326A31060730BF90DDB /* DistanceCalculatorTests.swift */,
				51964BF87B089D5C8E93AFA1 /* LocalizationTests.swift */,
				65CD7F014680DBC318FB4F10 /* SettingsPersistenceStoreTests.swift */,
				C9836CF44C63F0AF6A40675A /* SettingsStoreTests.swift */,
				7384D59F40D520C71AD50AB9 /* SmartAssistEngineTests.swift */,
				1A6242B7D0FFA7EC52CAFE61 /* WorkoutCaloriesEstimatorTests.swift */,
				D78F070BBC2812DB452964D7 /* WorkoutRecorderTests.swift */,
				40607E73B6AF2D3B0ED9992E /* WorkoutStoreTests.swift */,
			);
			path = PathTrioTests;
			sourceTree = "<group>";
		};
		5B48613203CCFBFC5F450B82 /* Resources */ = {
			isa = PBXGroup;
			children = (
				9353AE134A91B7464D141657 /* Assets.xcassets */,
				692C5F0B4D17593943AD6C18 /* InfoPlist.strings */,
				8ED01019528BCCF8D9A90BB3 /* Localizable.strings */,
			);
			path = Resources;
			sourceTree = "<group>";
		};
		6FC684FB44142CE62418AE78 /* Domain */ = {
			isa = PBXGroup;
			children = (
				55988384BC0F9C0A02E70BED /* SmartAssistSuggestion.swift */,
				79941B46609B218E384B129A /* WorkoutMetrics.swift */,
				AC86B6D9B53B0ABCF16D9B4A /* WorkoutSessionDraft.swift */,
				9B00DCD945D5A8CDE82CD657 /* WorkoutState.swift */,
				BFDDCC0337ED48B9C70776BD /* WorkoutType.swift */,
			);
			path = Domain;
			sourceTree = "<group>";
		};
		96462502C5C6CB533D81B984 /* Services */ = {
			isa = PBXGroup;
			children = (
				0637146BB8A266FC54CFE55A /* DistanceCalculator.swift */,
				CAACFBC490DC1A6E8D7E6315 /* LocationTrackingService.swift */,
				13638CE2C437C63433EFAEBB /* MotionActivityService.swift */,
				A59374B9141A9114D8674E51 /* SmartAssistEngine.swift */,
				4BD2B980491B9AE8E39548DD /* WorkoutRecorder.swift */,
			);
			path = Services;
			sourceTree = "<group>";
		};
		A179A07F42815E43149DFBFE /* Products */ = {
			isa = PBXGroup;
			children = (
				090E1F8956F327E47AC2C728 /* PathTrio.app */,
				B0BAB76ED3360C3111D9F92E /* PathTrioTests.xctest */,
			);
			name = Products;
			sourceTree = "<group>";
		};
		A87DDBC2ED77ED0B600D71F3 /* Persistence */ = {
			isa = PBXGroup;
			children = (
				BD810A2502CEFCE9D6336BA2 /* LocationPointModel.swift */,
				D60732EE5F86F6271CBB6D36 /* SettingsPersistenceStore.swift */,
				C86F1B67E706CEA415D2A92A /* SettingsStore.swift */,
				66584C3CFE297F5EB1FFBFBA /* UserSettingsModel.swift */,
				0B13A6619CB76C5F240357A4 /* WorkoutSessionModel.swift */,
				27EB6B25B4B0765BABA83DD3 /* WorkoutStore.swift */,
			);
			path = Persistence;
			sourceTree = "<group>";
		};
		C23A1B60F92465675C7B4871 /* PathTrio */ = {
			isa = PBXGroup;
			children = (
				2C66B1B3856873E72FD3D6F2 /* Info.plist */,
				0A617547B917EF8C6D85F845 /* App */,
				6FC684FB44142CE62418AE78 /* Domain */,
				A87DDBC2ED77ED0B600D71F3 /* Persistence */,
				5B48613203CCFBFC5F450B82 /* Resources */,
				96462502C5C6CB533D81B984 /* Services */,
				377E916D2A1C9AE59B99009B /* Support */,
				E10209E5CF7A17E968724B94 /* Views */,
			);
			path = PathTrio;
			sourceTree = "<group>";
		};
		CB093AC8BB8ED140FD5E9EBB = {
			isa = PBXGroup;
			children = (
				C23A1B60F92465675C7B4871 /* PathTrio */,
				592D8D59FBC971CCFAFFA91B /* PathTrioTests */,
				A179A07F42815E43149DFBFE /* Products */,
			);
			sourceTree = "<group>";
		};
		CE615B751CDD57D50C074B1F /* Components */ = {
			isa = PBXGroup;
			children = (
				0F40CE362C17DA2116BDC4D2 /* MetricTile.swift */,
				ADC906CEF70E96FC039CD7FE /* RouteMapView.swift */,
				5A9F2F0137898AB33DB43FBC /* WorkoutTypePicker.swift */,
			);
			path = Components;
			sourceTree = "<group>";
		};
		E10209E5CF7A17E968724B94 /* Views */ = {
			isa = PBXGroup;
			children = (
				6AF20EB4452868AFAEA11C84 /* ActiveWorkoutView.swift */,
				85409F4296BED3119B6B5E40 /* HistoryView.swift */,
				E1A00B331D64F9A2E00A20F3 /* HomeView.swift */,
				BBDA08311FBB61B2CC790A1D /* SettingsView.swift */,
				0291FB241AA048D8CFF8DF4C /* WorkoutDetailView.swift */,
				E1E6480F17FC72AE2210644F /* WorkoutSummaryView.swift */,
				CE615B751CDD57D50C074B1F /* Components */,
			);
			path = Views;
			sourceTree = "<group>";
		};
/* End PBXGroup section */

/* Begin PBXNativeTarget section */
		3C08916CCF4BACA2E26A0283 /* PathTrio */ = {
			isa = PBXNativeTarget;
			buildConfigurationList = 06F23D468352BBD5E53F3DF3 /* Build configuration list for PBXNativeTarget "PathTrio" */;
			buildPhases = (
				A3D5457706F9664A71527730 /* Sources */,
				3C20F2D032586811E27C3074 /* Resources */,
			);
			buildRules = (
			);
			dependencies = (
			);
			name = PathTrio;
			packageProductDependencies = (
			);
			productName = PathTrio;
			productReference = 090E1F8956F327E47AC2C728 /* PathTrio.app */;
			productType = "com.apple.product-type.application";
		};
		8C1244173D2FB7DE43673E62 /* PathTrioTests */ = {
			isa = PBXNativeTarget;
			buildConfigurationList = 390C512AD80C348882EEA458 /* Build configuration list for PBXNativeTarget "PathTrioTests" */;
			buildPhases = (
				5FC041E8E86CC8290E5A6267 /* Sources */,
			);
			buildRules = (
			);
			dependencies = (
				51BF4E69476AC8CC95EE678B /* PBXTargetDependency */,
			);
			name = PathTrioTests;
			packageProductDependencies = (
			);
			productName = PathTrioTests;
			productReference = B0BAB76ED3360C3111D9F92E /* PathTrioTests.xctest */;
			productType = "com.apple.product-type.bundle.unit-test";
		};
/* End PBXNativeTarget section */

/* Begin PBXProject section */
		88B2B17519363D76E32B9DD5 /* Project object */ = {
			isa = PBXProject;
			attributes = {
				BuildIndependentTargetsInParallel = YES;
				LastUpgradeCheck = 1430;
				TargetAttributes = {
				};
			};
			buildConfigurationList = F80BE44699E7EB6C2F830F1E /* Build configuration list for PBXProject "PathTrio" */;
			developmentRegion = en;
			hasScannedForEncodings = 0;
			knownRegions = (
				Base,
				en,
				"zh-Hans",
			);
			mainGroup = CB093AC8BB8ED140FD5E9EBB;
			minimizedProjectReferenceProxies = 1;
			preferredProjectObjectVersion = 77;
			productRefGroup = A179A07F42815E43149DFBFE /* Products */;
			projectDirPath = "";
			projectRoot = "";
			targets = (
				3C08916CCF4BACA2E26A0283 /* PathTrio */,
				8C1244173D2FB7DE43673E62 /* PathTrioTests */,
			);
		};
/* End PBXProject section */

/* Begin PBXResourcesBuildPhase section */
		3C20F2D032586811E27C3074 /* Resources */ = {
			isa = PBXResourcesBuildPhase;
			buildActionMask = 2147483647;
			files = (
				A591D20C3CAB1F9DD4C2CA9C /* Assets.xcassets in Resources */,
				6F2622D001DBFC205E4A6749 /* InfoPlist.strings in Resources */,
				A6D037CBC2F79C46063934BC /* Localizable.strings in Resources */,
			);
			runOnlyForDeploymentPostprocessing = 0;
		};
/* End PBXResourcesBuildPhase section */

/* Begin PBXSourcesBuildPhase section */
		5FC041E8E86CC8290E5A6267 /* Sources */ = {
			isa = PBXSourcesBuildPhase;
			buildActionMask = 2147483647;
			files = (
				6BB60E18663FDFE45CF8F9C4 /* DistanceCalculatorTests.swift in Sources */,
				E97B64BB961F466B6FC614E4 /* LocalizationTests.swift in Sources */,
				45CC687647D4DE8EA01DBCCD /* SettingsPersistenceStoreTests.swift in Sources */,
				305319E77B97D6762340373E /* SettingsStoreTests.swift in Sources */,
				F776FC4FDA7E45DB7F9125C2 /* SmartAssistEngineTests.swift in Sources */,
				AEE56C617E913F430F36564C /* WorkoutCaloriesEstimatorTests.swift in Sources */,
				9B49C7F92BE8BD19527BBD12 /* WorkoutRecorderTests.swift in Sources */,
				7F3647BA93B24B484F60AAB2 /* WorkoutStoreTests.swift in Sources */,
			);
			runOnlyForDeploymentPostprocessing = 0;
		};
		A3D5457706F9664A71527730 /* Sources */ = {
			isa = PBXSourcesBuildPhase;
			buildActionMask = 2147483647;
			files = (
				FE0AA8EF95AF9E5203D630ED /* ActiveWorkoutView.swift in Sources */,
				AE41E59352E6C5E5F75C23FD /* AppModel.swift in Sources */,
				43FF55FC03A77D0C9CFF2ABC /* DistanceCalculator.swift in Sources */,
				9FD770C527CE9FF356347A23 /* HistoryView.swift in Sources */,
				472C0EA53D43947884E54BC3 /* HomeView.swift in Sources */,
				F7484A78E4C8398C64D50BC6 /* L10n.swift in Sources */,
				6DA082AD1316ED17E6AC9374 /* LocationPointModel.swift in Sources */,
				8DFB9192FEB7847F1EF56660 /* LocationTrackingService.swift in Sources */,
				164709DB104DBC8B5C6D9D16 /* MetricTile.swift in Sources */,
				2DB6A2966614309BCB29B9BD /* MotionActivityService.swift in Sources */,
				0E727CFBBB5E5C75E797C408 /* PathTrioApp.swift in Sources */,
				5BC35774E19B7B425F2D81B1 /* RouteMapView.swift in Sources */,
				7D19CA69AE95F26A93C26466 /* SettingsPersistenceStore.swift in Sources */,
				66B58FD2AE168A7276C6E04E /* SettingsStore.swift in Sources */,
				10B14C4F322E80C2716C5AB1 /* SettingsView.swift in Sources */,
				86DB49350BA9D7C57D0FC918 /* SmartAssistEngine.swift in Sources */,
				4D3D5ABE43A52AA03B837E4B /* SmartAssistSuggestion.swift in Sources */,
				D03866D78B00FEBAD3D7CB66 /* UserSettingsModel.swift in Sources */,
				94E1358713327A0EBF9B35F8 /* WorkoutDetailView.swift in Sources */,
				AC00039D5FA4D590417D37C9 /* WorkoutMetrics.swift in Sources */,
				457D0528B40DFA952389A5D2 /* WorkoutRecorder.swift in Sources */,
				F872EEA715A44290819B1674 /* WorkoutSessionDraft.swift in Sources */,
				043FB8978C962FDB8B86C0E1 /* WorkoutSessionModel.swift in Sources */,
				EADED00F2661C4CEB598A2A2 /* WorkoutState.swift in Sources */,
				06E06E0FC384E6EF5D55FFEF /* WorkoutStore.swift in Sources */,
				8E31314070B321A6E0CAF4DE /* WorkoutSummaryView.swift in Sources */,
				B287C1BFBAEC5DA1A14A2DB0 /* WorkoutType.swift in Sources */,
				D97E40E12197C789D41FD4B0 /* WorkoutTypePicker.swift in Sources */,
			);
			runOnlyForDeploymentPostprocessing = 0;
		};
/* End PBXSourcesBuildPhase section */

/* Begin PBXTargetDependency section */
		51BF4E69476AC8CC95EE678B /* PBXTargetDependency */ = {
			isa = PBXTargetDependency;
			target = 3C08916CCF4BACA2E26A0283 /* PathTrio */;
			targetProxy = 48D28510F3606A8DF3F9B8A6 /* PBXContainerItemProxy */;
		};
/* End PBXTargetDependency section */

/* Begin PBXVariantGroup section */
		692C5F0B4D17593943AD6C18 /* InfoPlist.strings */ = {
			isa = PBXVariantGroup;
			children = (
				296FF224B7D7F535D8EDC8B1 /* en */,
				A03D593E24A02227B4BC69D9 /* zh-Hans */,
			);
			name = InfoPlist.strings;
			sourceTree = "<group>";
		};
		8ED01019528BCCF8D9A90BB3 /* Localizable.strings */ = {
			isa = PBXVariantGroup;
			children = (
				BDC6802CD9C81E4F3C14C653 /* en */,
				CFF6862C3F71B5E8E3FFCE42 /* zh-Hans */,
			);
			name = Localizable.strings;
			sourceTree = "<group>";
		};
/* End PBXVariantGroup section */

/* Begin XCBuildConfiguration section */
		255E332B8F0DC3F94BA7F9B8 /* Debug */ = {
			isa = XCBuildConfiguration;
			buildSettings = {
				BUNDLE_LOADER = "$(TEST_HOST)";
				GENERATE_INFOPLIST_FILE = YES;
				LD_RUNPATH_SEARCH_PATHS = (
					"$(inherited)",
					"@executable_path/Frameworks",
					"@loader_path/Frameworks",
				);
				PRODUCT_BUNDLE_IDENTIFIER = com.phil.PathTrioTests;
				SDKROOT = iphoneos;
				TARGETED_DEVICE_FAMILY = "1,2";
				TEST_HOST = "$(BUILT_PRODUCTS_DIR)/PathTrio.app/PathTrio";
			};
			name = Debug;
		};
		2DFD421EC34D4AF94AA37B0F /* Release */ = {
			isa = XCBuildConfiguration;
			buildSettings = {
				ASSETCATALOG_COMPILER_APPICON_NAME = AppIcon;
				CODE_SIGN_IDENTITY = "iPhone Developer";
				INFOPLIST_FILE = PathTrio/Info.plist;
				INFOPLIST_KEY_CFBundleDisplayName = PathTrio;
				INFOPLIST_KEY_NSHumanReadableCopyright = "";
				INFOPLIST_KEY_NSLocationAlwaysAndWhenInUseUsageDescription = "PathTrio uses background location only during an active workout so it can keep recording when your screen is locked.";
				INFOPLIST_KEY_NSLocationWhenInUseUsageDescription = "PathTrio uses location to record your workout route, distance, and speed while you are tracking a walk, run, or ride.";
				INFOPLIST_KEY_NSMotionUsageDescription = "PathTrio uses motion activity to provide optional Smart Assist alerts for pauses, activity changes, and unusual speeds.";
				LD_RUNPATH_SEARCH_PATHS = (
					"$(inherited)",
					"@executable_path/Frameworks",
				);
				PRODUCT_BUNDLE_IDENTIFIER = com.phil.PathTrio;
				SDKROOT = iphoneos;
				TARGETED_DEVICE_FAMILY = "1,2";
			};
			name = Release;
		};
		386471C240E5D44DA3D198FE /* Release */ = {
			isa = XCBuildConfiguration;
			buildSettings = {
				BUNDLE_LOADER = "$(TEST_HOST)";
				GENERATE_INFOPLIST_FILE = YES;
				LD_RUNPATH_SEARCH_PATHS = (
					"$(inherited)",
					"@executable_path/Frameworks",
					"@loader_path/Frameworks",
				);
				PRODUCT_BUNDLE_IDENTIFIER = com.phil.PathTrioTests;
				SDKROOT = iphoneos;
				TARGETED_DEVICE_FAMILY = "1,2";
				TEST_HOST = "$(BUILT_PRODUCTS_DIR)/PathTrio.app/PathTrio";
			};
			name = Release;
		};
		56861039C29A1BADDF8B6B13 /* Debug */ = {
			isa = XCBuildConfiguration;
			buildSettings = {
				ALWAYS_SEARCH_USER_PATHS = NO;
				CLANG_ANALYZER_NONNULL = YES;
				CLANG_ANALYZER_NUMBER_OBJECT_CONVERSION = YES_AGGRESSIVE;
				CLANG_CXX_LANGUAGE_STANDARD = "gnu++14";
				CLANG_CXX_LIBRARY = "libc++";
				CLANG_ENABLE_MODULES = YES;
				CLANG_ENABLE_OBJC_ARC = YES;
				CLANG_ENABLE_OBJC_WEAK = YES;
				CLANG_WARN_BLOCK_CAPTURE_AUTORELEASING = YES;
				CLANG_WARN_BOOL_CONVERSION = YES;
				CLANG_WARN_COMMA = YES;
				CLANG_WARN_CONSTANT_CONVERSION = YES;
				CLANG_WARN_DEPRECATED_OBJC_IMPLEMENTATIONS = YES;
				CLANG_WARN_DIRECT_OBJC_ISA_USAGE = YES_ERROR;
				CLANG_WARN_DOCUMENTATION_COMMENTS = YES;
				CLANG_WARN_EMPTY_BODY = YES;
				CLANG_WARN_ENUM_CONVERSION = YES;
				CLANG_WARN_INFINITE_RECURSION = YES;
				CLANG_WARN_INT_CONVERSION = YES;
				CLANG_WARN_NON_LITERAL_NULL_CONVERSION = YES;
				CLANG_WARN_OBJC_IMPLICIT_RETAIN_SELF = YES;
				CLANG_WARN_OBJC_LITERAL_CONVERSION = YES;
				CLANG_WARN_OBJC_ROOT_CLASS = YES_ERROR;
				CLANG_WARN_QUOTED_INCLUDE_IN_FRAMEWORK_HEADER = YES;
				CLANG_WARN_RANGE_LOOP_ANALYSIS = YES;
				CLANG_WARN_STRICT_PROTOTYPES = YES;
				CLANG_WARN_SUSPICIOUS_MOVE = YES;
				CLANG_WARN_UNGUARDED_AVAILABILITY = YES_AGGRESSIVE;
				CLANG_WARN_UNREACHABLE_CODE = YES;
				CLANG_WARN__DUPLICATE_METHOD_MATCH = YES;
				COPY_PHASE_STRIP = NO;
				CURRENT_PROJECT_VERSION = 1;
				DEBUG_INFORMATION_FORMAT = dwarf;
				ENABLE_STRICT_OBJC_MSGSEND = YES;
				ENABLE_TESTABILITY = YES;
				GCC_C_LANGUAGE_STANDARD = gnu11;
				GCC_DYNAMIC_NO_PIC = NO;
				GCC_NO_COMMON_BLOCKS = YES;
				GCC_OPTIMIZATION_LEVEL = 0;
				GCC_PREPROCESSOR_DEFINITIONS = (
					"$(inherited)",
					"DEBUG=1",
				);
				GCC_WARN_64_TO_32_BIT_CONVERSION = YES;
				GCC_WARN_ABOUT_RETURN_TYPE = YES_ERROR;
				GCC_WARN_UNDECLARED_SELECTOR = YES;
				GCC_WARN_UNINITIALIZED_AUTOS = YES_AGGRESSIVE;
				GCC_WARN_UNUSED_FUNCTION = YES;
				GCC_WARN_UNUSED_VARIABLE = YES;
				IPHONEOS_DEPLOYMENT_TARGET = 17.0;
				MARKETING_VERSION = 1.0;
				MTL_ENABLE_DEBUG_INFO = INCLUDE_SOURCE;
				MTL_FAST_MATH = YES;
				ONLY_ACTIVE_ARCH = YES;
				PRODUCT_NAME = "$(TARGET_NAME)";
				SDKROOT = iphoneos;
				SWIFT_ACTIVE_COMPILATION_CONDITIONS = DEBUG;
				SWIFT_OPTIMIZATION_LEVEL = "-Onone";
				SWIFT_VERSION = 5.9;
			};
			name = Debug;
		};
		5860D2E3FD7ADEF44D782861 /* Release */ = {
			isa = XCBuildConfiguration;
			buildSettings = {
				ALWAYS_SEARCH_USER_PATHS = NO;
				CLANG_ANALYZER_NONNULL = YES;
				CLANG_ANALYZER_NUMBER_OBJECT_CONVERSION = YES_AGGRESSIVE;
				CLANG_CXX_LANGUAGE_STANDARD = "gnu++14";
				CLANG_CXX_LIBRARY = "libc++";
				CLANG_ENABLE_MODULES = YES;
				CLANG_ENABLE_OBJC_ARC = YES;
				CLANG_ENABLE_OBJC_WEAK = YES;
				CLANG_WARN_BLOCK_CAPTURE_AUTORELEASING = YES;
				CLANG_WARN_BOOL_CONVERSION = YES;
				CLANG_WARN_COMMA = YES;
				CLANG_WARN_CONSTANT_CONVERSION = YES;
				CLANG_WARN_DEPRECATED_OBJC_IMPLEMENTATIONS = YES;
				CLANG_WARN_DIRECT_OBJC_ISA_USAGE = YES_ERROR;
				CLANG_WARN_DOCUMENTATION_COMMENTS = YES;
				CLANG_WARN_EMPTY_BODY = YES;
				CLANG_WARN_ENUM_CONVERSION = YES;
				CLANG_WARN_INFINITE_RECURSION = YES;
				CLANG_WARN_INT_CONVERSION = YES;
				CLANG_WARN_NON_LITERAL_NULL_CONVERSION = YES;
				CLANG_WARN_OBJC_IMPLICIT_RETAIN_SELF = YES;
				CLANG_WARN_OBJC_LITERAL_CONVERSION = YES;
				CLANG_WARN_OBJC_ROOT_CLASS = YES_ERROR;
				CLANG_WARN_QUOTED_INCLUDE_IN_FRAMEWORK_HEADER = YES;
				CLANG_WARN_RANGE_LOOP_ANALYSIS = YES;
				CLANG_WARN_STRICT_PROTOTYPES = YES;
				CLANG_WARN_SUSPICIOUS_MOVE = YES;
				CLANG_WARN_UNGUARDED_AVAILABILITY = YES_AGGRESSIVE;
				CLANG_WARN_UNREACHABLE_CODE = YES;
				CLANG_WARN__DUPLICATE_METHOD_MATCH = YES;
				COPY_PHASE_STRIP = NO;
				CURRENT_PROJECT_VERSION = 1;
				DEBUG_INFORMATION_FORMAT = "dwarf-with-dsym";
				ENABLE_NS_ASSERTIONS = NO;
				ENABLE_STRICT_OBJC_MSGSEND = YES;
				GCC_C_LANGUAGE_STANDARD = gnu11;
				GCC_NO_COMMON_BLOCKS = YES;
				GCC_WARN_64_TO_32_BIT_CONVERSION = YES;
				GCC_WARN_ABOUT_RETURN_TYPE = YES_ERROR;
				GCC_WARN_UNDECLARED_SELECTOR = YES;
				GCC_WARN_UNINITIALIZED_AUTOS = YES_AGGRESSIVE;
				GCC_WARN_UNUSED_FUNCTION = YES;
				GCC_WARN_UNUSED_VARIABLE = YES;
				IPHONEOS_DEPLOYMENT_TARGET = 17.0;
				MARKETING_VERSION = 1.0;
				MTL_ENABLE_DEBUG_INFO = NO;
				MTL_FAST_MATH = YES;
				PRODUCT_NAME = "$(TARGET_NAME)";
				SDKROOT = iphoneos;
				SWIFT_COMPILATION_MODE = wholemodule;
				SWIFT_OPTIMIZATION_LEVEL = "-O";
				SWIFT_VERSION = 5.9;
			};
			name = Release;
		};
		9A7945E3AA381F8B063C5095 /* Debug */ = {
			isa = XCBuildConfiguration;
			buildSettings = {
				ASSETCATALOG_COMPILER_APPICON_NAME = AppIcon;
				CODE_SIGN_IDENTITY = "iPhone Developer";
				INFOPLIST_FILE = PathTrio/Info.plist;
				INFOPLIST_KEY_CFBundleDisplayName = PathTrio;
				INFOPLIST_KEY_NSHumanReadableCopyright = "";
				INFOPLIST_KEY_NSLocationAlwaysAndWhenInUseUsageDescription = "PathTrio uses background location only during an active workout so it can keep recording when your screen is locked.";
				INFOPLIST_KEY_NSLocationWhenInUseUsageDescription = "PathTrio uses location to record your workout route, distance, and speed while you are tracking a walk, run, or ride.";
				INFOPLIST_KEY_NSMotionUsageDescription = "PathTrio uses motion activity to provide optional Smart Assist alerts for pauses, activity changes, and unusual speeds.";
				LD_RUNPATH_SEARCH_PATHS = (
					"$(inherited)",
					"@executable_path/Frameworks",
				);
				PRODUCT_BUNDLE_IDENTIFIER = com.phil.PathTrio;
				SDKROOT = iphoneos;
				TARGETED_DEVICE_FAMILY = "1,2";
			};
			name = Debug;
		};
/* End XCBuildConfiguration section */

/* Begin XCConfigurationList section */
		06F23D468352BBD5E53F3DF3 /* Build configuration list for PBXNativeTarget "PathTrio" */ = {
			isa = XCConfigurationList;
			buildConfigurations = (
				9A7945E3AA381F8B063C5095 /* Debug */,
				2DFD421EC34D4AF94AA37B0F /* Release */,
			);
			defaultConfigurationIsVisible = 0;
			defaultConfigurationName = Debug;
		};
		390C512AD80C348882EEA458 /* Build configuration list for PBXNativeTarget "PathTrioTests" */ = {
			isa = XCConfigurationList;
			buildConfigurations = (
				255E332B8F0DC3F94BA7F9B8 /* Debug */,
				386471C240E5D44DA3D198FE /* Release */,
			);
			defaultConfigurationIsVisible = 0;
			defaultConfigurationName = Debug;
		};
		F80BE44699E7EB6C2F830F1E /* Build configuration list for PBXProject "PathTrio" */ = {
			isa = XCConfigurationList;
			buildConfigurations = (
				56861039C29A1BADDF8B6B13 /* Debug */,
				5860D2E3FD7ADEF44D782861 /* Release */,
			);
			defaultConfigurationIsVisible = 0;
			defaultConfigurationName = Debug;
		};
/* End XCConfigurationList section */
	};
	rootObject = 88B2B17519363D76E32B9DD5 /* Project object */;
}
